# THIS IS AN AUTOGENERATED FILE. DO NOT EDIT THIS FILE DIRECTLY.
# yarn lockfile v1


j5-io-types@^2.4.0:
  version "2.5.0"
  resolved "https://registry.yarnpkg.com/j5-io-types/-/j5-io-types-2.5.0.tgz#dffdfcf993dcf10fc66f187edaef8d2dda02a1c7"
  integrity sha512-S44ds7NZfVUL3xsvboNEIXnrZ0TDUPixKtdcO4+L3bUctWzAtHSTvPmyU9G8urqfzXl6d22xBq7c+sjGUrD4+w==

pi-servo@^1.0.2:
  version "1.0.2"
  resolved "https://registry.yarnpkg.com/pi-servo/-/pi-servo-1.0.2.tgz#98d7775502195b3c251a936e38586b8cdec70b8f"
  integrity sha1-mNd3VQIZWzwlGpNuOFhrjN7HC48=

raspi-board@^7.0.0:
  version "7.3.4"
  resolved "https://registry.yarnpkg.com/raspi-board/-/raspi-board-7.3.4.tgz#f0a727d85d3ddd3f4d8364b0938762040ecc3902"
  integrity sha512-/EZwnFNpzXisZafwG7lxZLlwixqvlGec9RZfPp1N4tUuUugYVphxbTzCE1YsaortmCRNm9AC9IeWqWVHsRAnXA==
  dependencies:
    j5-io-types "^2.4.0"

raspi@^6.0.1:
  version "6.0.1"
  resolved "https://registry.yarnpkg.com/raspi/-/raspi-6.0.1.tgz#a74d51b6764bbd24b676ad3c01dffcf353354ccd"
  integrity sha512-vv7P8QgUCC0wjN9aBGi7SKy7LClZSsIMSQyEE+GUVzImbX44OTftj3Vjo+Kbl2d+acmjBNNkEk/jnzXDZMcI5g==
  dependencies:
    j5-io-types "^2.4.0"
    raspi-board "^7.0.0"
